
Microsoft Visual Studio Solution File, Format Version 12.00
# Visual Studio 14
VisualStudioVersion = 14.0.25420.1
MinimumVisualStudioVersion = 10.0.40219.1
Project("{FAE04EC0-301F-11D3-BF4B-00C04F79EFBC}") = "ElectronicMedicalRecordSystem", "ElectronicMedicalRecordSystem\ElectronicMedicalRecordSystem.csproj", "{BB0FF738-B569-4716-9665-455914639897}"
EndProject
Project("{FAE04EC0-301F-11D3-BF4B-00C04F79EFBC}") = "ElectronicMedicalRecordSystem.Tests", "ElectronicMedicalRecordSystem.Tests\ElectronicMedicalRecordSystem.Tests.csproj", "{42214418-1CFB-4B44-A942-841AE4B6FFE0}"
EndProject
Global
	GlobalSection(SolutionConfigurationPlatforms) = preSolution
		Debug|Any CPU = Debug|Any CPU
		Release|Any CPU = Release|Any CPU
	EndGlobalSection
	GlobalSection(ProjectConfigurationPlatforms) = postSolution
		{BB0FF738-B569-4716-9665-455914639897}.Debug|Any CPU.ActiveCfg = Debug|Any CPU
		{BB0FF738-B569-4716-9665-455914639897}.Debug|Any CPU.Build.0 = Debug|Any CPU
		{BB0FF738-B569-4716-9665-455914639897}.Release|Any CPU.ActiveCfg = Release|Any CPU
		{BB0FF738-B569-4716-9665-455914639897}.Release|Any CPU.Build.0 = Release|Any CPU
		{42214418-1CFB-4B44-A942-841AE4B6FFE0}.Debug|Any CPU.ActiveCfg = Debug|Any CPU
		{42214418-1CFB-4B44-A942-841AE4B6FFE0}.Debug|Any CPU.Build.0 = Debug|Any CPU
		{42214418-1CFB-4B44-A942-841AE4B6FFE0}.Release|Any CPU.ActiveCfg = Release|Any CPU
		{42214418-1CFB-4B44-A942-841AE4B6FFE0}.Release|Any CPU.Build.0 = Release|Any CPU
	EndGlobalSection
	GlobalSection(SolutionProperties) = preSolution
		HideSolutionNode = FALSE
	EndGlobalSection
EndGlobal
